
Microsoft Visual Studio Solution File, Format Version 12.00
# Visual Studio 15
Project("{FAE04EC0-301F-11D3-BF4B-00C04F79EFBC}") = "medicijn.Android", "medicijn.Android\medicijn.Android.csproj", "{93729D4D-07DC-4D2D-841E-41D257C27B68}"
EndProject
Project("{FAE04EC0-301F-11D3-BF4B-00C04F79EFBC}") = "medicijn.iOS", "medicijn.iOS\medicijn.iOS.csproj", "{4DF0AAA6-6AAF-4629-8F33-B7CE180103AC}"
EndProject
Project("{FAE04EC0-301F-11D3-BF4B-00C04F79EFBC}") = "medicijn", "medicijn\medicijn.csproj", "{078FA7F7-3D32-4226-8ABE-A85A5F764CE0}"
EndProject
Project("{FAE04EC0-301F-11D3-BF4B-00C04F79EFBC}") = "SQDLL", "SQDLL\SQDLL.csproj", "{BC9B1041-571C-4C50-B8DC-DF728F7C03B5}"
EndProject
Project("{FAE04EC0-301F-11D3-BF4B-00C04F79EFBC}") = "test", "test\test.csproj", "{B4D33263-35E9-4214-A222-89042FC6D96A}"
EndProject
Project("{FAE04EC0-301F-11D3-BF4B-00C04F79EFBC}") = "ConsoleTest", "ConsoleTest\ConsoleTest.csproj", "{7B9FFD7F-ABF6-40EC-BEFB-B7FE7EBE2961}"
EndProject
Project("{FAE04EC0-301F-11D3-BF4B-00C04F79EFBC}") = "GZIDAL001", "GZIDAL001\GZIDAL001.csproj", "{CF8A9FAD-4382-4E55-8A70-16D39E47025E}"
EndProject
Global
	GlobalSection(SolutionConfigurationPlatforms) = preSolution
		Debug|Any CPU = Debug|Any CPU
		Release|Any CPU = Release|Any CPU
		Debug|iPhoneSimulator = Debug|iPhoneSimulator
		Release|iPhoneSimulator = Release|iPhoneSimulator
		Debug|iPhone = Debug|iPhone
		Release|iPhone = Release|iPhone
	EndGlobalSection
	GlobalSection(ProjectConfigurationPlatforms) = postSolution
		{93729D4D-07DC-4D2D-841E-41D257C27B68}.Debug|Any CPU.ActiveCfg = Debug|Any CPU
		{93729D4D-07DC-4D2D-841E-41D257C27B68}.Debug|Any CPU.Build.0 = Debug|Any CPU
		{93729D4D-07DC-4D2D-841E-41D257C27B68}.Release|Any CPU.ActiveCfg = Release|Any CPU
		{93729D4D-07DC-4D2D-841E-41D257C27B68}.Release|Any CPU.Build.0 = Release|Any CPU
		{93729D4D-07DC-4D2D-841E-41D257C27B68}.Debug|iPhoneSimulator.ActiveCfg = Debug|Any CPU
		{93729D4D-07DC-4D2D-841E-41D257C27B68}.Debug|iPhoneSimulator.Build.0 = Debug|Any CPU
		{93729D4D-07DC-4D2D-841E-41D257C27B68}.Release|iPhoneSimulator.ActiveCfg = Release|Any CPU
		{93729D4D-07DC-4D2D-841E-41D257C27B68}.Release|iPhoneSimulator.Build.0 = Release|Any CPU
		{93729D4D-07DC-4D2D-841E-41D257C27B68}.Debug|iPhone.ActiveCfg = Debug|Any CPU
		{93729D4D-07DC-4D2D-841E-41D257C27B68}.Debug|iPhone.Build.0 = Debug|Any CPU
		{93729D4D-07DC-4D2D-841E-41D257C27B68}.Release|iPhone.ActiveCfg = Release|Any CPU
		{93729D4D-07DC-4D2D-841E-41D257C27B68}.Release|iPhone.Build.0 = Release|Any CPU
		{4DF0AAA6-6AAF-4629-8F33-B7CE180103AC}.Debug|Any CPU.ActiveCfg = Debug|iPhoneSimulator
		{4DF0AAA6-6AAF-4629-8F33-B7CE180103AC}.Debug|Any CPU.Build.0 = Debug|iPhoneSimulator
		{4DF0AAA6-6AAF-4629-8F33-B7CE180103AC}.Release|Any CPU.ActiveCfg = Release|iPhoneSimulator
		{4DF0AAA6-6AAF-4629-8F33-B7CE180103AC}.Release|Any CPU.Build.0 = Release|iPhoneSimulator
		{4DF0AAA6-6AAF-4629-8F33-B7CE180103AC}.Debug|iPhoneSimulator.ActiveCfg = Debug|iPhoneSimulator
		{4DF0AAA6-6AAF-4629-8F33-B7CE180103AC}.Debug|iPhoneSimulator.Build.0 = Debug|iPhoneSimulator
		{4DF0AAA6-6AAF-4629-8F33-B7CE180103AC}.Release|iPhoneSimulator.ActiveCfg = Release|iPhoneSimulator
		{4DF0AAA6-6AAF-4629-8F33-B7CE180103AC}.Release|iPhoneSimulator.Build.0 = Release|iPhoneSimulator
		{4DF0AAA6-6AAF-4629-8F33-B7CE180103AC}.Debug|iPhone.ActiveCfg = Debug|iPhone
		{4DF0AAA6-6AAF-4629-8F33-B7CE180103AC}.Debug|iPhone.Build.0 = Debug|iPhone
		{4DF0AAA6-6AAF-4629-8F33-B7CE180103AC}.Release|iPhone.ActiveCfg = Release|iPhone
		{4DF0AAA6-6AAF-4629-8F33-B7CE180103AC}.Release|iPhone.Build.0 = Release|iPhone
		{078FA7F7-3D32-4226-8ABE-A85A5F764CE0}.Debug|Any CPU.ActiveCfg = Debug|Any CPU
		{078FA7F7-3D32-4226-8ABE-A85A5F764CE0}.Debug|Any CPU.Build.0 = Debug|Any CPU
		{078FA7F7-3D32-4226-8ABE-A85A5F764CE0}.Release|Any CPU.ActiveCfg = Release|Any CPU
		{078FA7F7-3D32-4226-8ABE-A85A5F764CE0}.Release|Any CPU.Build.0 = Release|Any CPU
		{078FA7F7-3D32-4226-8ABE-A85A5F764CE0}.Debug|iPhoneSimulator.ActiveCfg = Debug|Any CPU
		{078FA7F7-3D32-4226-8ABE-A85A5F764CE0}.Debug|iPhoneSimulator.Build.0 = Debug|Any CPU
		{078FA7F7-3D32-4226-8ABE-A85A5F764CE0}.Release|iPhoneSimulator.ActiveCfg = Release|Any CPU
		{078FA7F7-3D32-4226-8ABE-A85A5F764CE0}.Release|iPhoneSimulator.Build.0 = Release|Any CPU
		{078FA7F7-3D32-4226-8ABE-A85A5F764CE0}.Debug|iPhone.ActiveCfg = Debug|Any CPU
		{078FA7F7-3D32-4226-8ABE-A85A5F764CE0}.Debug|iPhone.Build.0 = Debug|Any CPU
		{078FA7F7-3D32-4226-8ABE-A85A5F764CE0}.Release|iPhone.ActiveCfg = Release|Any CPU
		{078FA7F7-3D32-4226-8ABE-A85A5F764CE0}.Release|iPhone.Build.0 = Release|Any CPU
		{BC9B1041-571C-4C50-B8DC-DF728F7C03B5}.Debug|Any CPU.ActiveCfg = Debug|Any CPU
		{BC9B1041-571C-4C50-B8DC-DF728F7C03B5}.Debug|Any CPU.Build.0 = Debug|Any CPU
		{BC9B1041-571C-4C50-B8DC-DF728F7C03B5}.Release|Any CPU.ActiveCfg = Release|Any CPU
		{BC9B1041-571C-4C50-B8DC-DF728F7C03B5}.Release|Any CPU.Build.0 = Release|Any CPU
		{BC9B1041-571C-4C50-B8DC-DF728F7C03B5}.Debug|iPhoneSimulator.ActiveCfg = Debug|Any CPU
		{BC9B1041-571C-4C50-B8DC-DF728F7C03B5}.Debug|iPhoneSimulator.Build.0 = Debug|Any CPU
		{BC9B1041-571C-4C50-B8DC-DF728F7C03B5}.Release|iPhoneSimulator.ActiveCfg = Release|Any CPU
		{BC9B1041-571C-4C50-B8DC-DF728F7C03B5}.Release|iPhoneSimulator.Build.0 = Release|Any CPU
		{BC9B1041-571C-4C50-B8DC-DF728F7C03B5}.Debug|iPhone.ActiveCfg = Debug|Any CPU
		{BC9B1041-571C-4C50-B8DC-DF728F7C03B5}.Debug|iPhone.Build.0 = Debug|Any CPU
		{BC9B1041-571C-4C50-B8DC-DF728F7C03B5}.Release|iPhone.ActiveCfg = Release|Any CPU
		{BC9B1041-571C-4C50-B8DC-DF728F7C03B5}.Release|iPhone.Build.0 = Release|Any CPU
		{B4D33263-35E9-4214-A222-89042FC6D96A}.Debug|Any CPU.ActiveCfg = Debug|Any CPU
		{B4D33263-35E9-4214-A222-89042FC6D96A}.Debug|Any CPU.Build.0 = Debug|Any CPU
		{B4D33263-35E9-4214-A222-89042FC6D96A}.Release|Any CPU.ActiveCfg = Release|Any CPU
		{B4D33263-35E9-4214-A222-89042FC6D96A}.Release|Any CPU.Build.0 = Release|Any CPU
		{B4D33263-35E9-4214-A222-89042FC6D96A}.Debug|iPhoneSimulator.ActiveCfg = Debug|Any CPU
		{B4D33263-35E9-4214-A222-89042FC6D96A}.Debug|iPhoneSimulator.Build.0 = Debug|Any CPU
		{B4D33263-35E9-4214-A222-89042FC6D96A}.Release|iPhoneSimulator.ActiveCfg = Release|Any CPU
		{B4D33263-35E9-4214-A222-89042FC6D96A}.Release|iPhoneSimulator.Build.0 = Release|Any CPU
		{B4D33263-35E9-4214-A222-89042FC6D96A}.Debug|iPhone.ActiveCfg = Debug|Any CPU
		{B4D33263-35E9-4214-A222-89042FC6D96A}.Debug|iPhone.Build.0 = Debug|Any CPU
		{B4D33263-35E9-4214-A222-89042FC6D96A}.Release|iPhone.ActiveCfg = Release|Any CPU
		{B4D33263-35E9-4214-A222-89042FC6D96A}.Release|iPhone.Build.0 = Release|Any CPU
		{7B9FFD7F-ABF6-40EC-BEFB-B7FE7EBE2961}.Debug|Any CPU.ActiveCfg = Debug|Any CPU
		{7B9FFD7F-ABF6-40EC-BEFB-B7FE7EBE2961}.Debug|Any CPU.Build.0 = Debug|Any CPU
		{7B9FFD7F-ABF6-40EC-BEFB-B7FE7EBE2961}.Release|Any CPU.ActiveCfg = Release|Any CPU
		{7B9FFD7F-ABF6-40EC-BEFB-B7FE7EBE2961}.Release|Any CPU.Build.0 = Release|Any CPU
		{7B9FFD7F-ABF6-40EC-BEFB-B7FE7EBE2961}.Debug|iPhoneSimulator.ActiveCfg = Debug|Any CPU
		{7B9FFD7F-ABF6-40EC-BEFB-B7FE7EBE2961}.Debug|iPhoneSimulator.Build.0 = Debug|Any CPU
		{7B9FFD7F-ABF6-40EC-BEFB-B7FE7EBE2961}.Release|iPhoneSimulator.ActiveCfg = Release|Any CPU
		{7B9FFD7F-ABF6-40EC-BEFB-B7FE7EBE2961}.Release|iPhoneSimulator.Build.0 = Release|Any CPU
		{7B9FFD7F-ABF6-40EC-BEFB-B7FE7EBE2961}.Debug|iPhone.ActiveCfg = Debug|Any CPU
		{7B9FFD7F-ABF6-40EC-BEFB-B7FE7EBE2961}.Debug|iPhone.Build.0 = Debug|Any CPU
		{7B9FFD7F-ABF6-40EC-BEFB-B7FE7EBE2961}.Release|iPhone.ActiveCfg = Release|Any CPU
		{7B9FFD7F-ABF6-40EC-BEFB-B7FE7EBE2961}.Release|iPhone.Build.0 = Release|Any CPU
		{CF8A9FAD-4382-4E55-8A70-16D39E47025E}.Debug|Any CPU.ActiveCfg = Debug|Any CPU
		{CF8A9FAD-4382-4E55-8A70-16D39E47025E}.Debug|Any CPU.Build.0 = Debug|Any CPU
		{CF8A9FAD-4382-4E55-8A70-16D39E47025E}.Release|Any CPU.ActiveCfg = Release|Any CPU
		{CF8A9FAD-4382-4E55-8A70-16D39E47025E}.Release|Any CPU.Build.0 = Release|Any CPU
		{CF8A9FAD-4382-4E55-8A70-16D39E47025E}.Debug|iPhoneSimulator.ActiveCfg = Debug|Any CPU
		{CF8A9FAD-4382-4E55-8A70-16D39E47025E}.Debug|iPhoneSimulator.Build.0 = Debug|Any CPU
		{CF8A9FAD-4382-4E55-8A70-16D39E47025E}.Release|iPhoneSimulator.ActiveCfg = Release|Any CPU
		{CF8A9FAD-4382-4E55-8A70-16D39E47025E}.Release|iPhoneSimulator.Build.0 = Release|Any CPU
		{CF8A9FAD-4382-4E55-8A70-16D39E47025E}.Debug|iPhone.ActiveCfg = Debug|Any CPU
		{CF8A9FAD-4382-4E55-8A70-16D39E47025E}.Debug|iPhone.Build.0 = Debug|Any CPU
		{CF8A9FAD-4382-4E55-8A70-16D39E47025E}.Release|iPhone.ActiveCfg = Release|Any CPU
		{CF8A9FAD-4382-4E55-8A70-16D39E47025E}.Release|iPhone.Build.0 = Release|Any CPU
	EndGlobalSection
EndGlobal
